
Microsoft Visual Studio Solution File, Format Version 12.00
# Visual Studio 2012
Project("{FAE04EC0-301F-11D3-BF4B-00C04F79EFBC}") = "BendroCorpBackgroundAgent", "BendroCorpBackgroundAgent\BendroCorpBackgroundAgent.csproj", "{7474AAC1-20EA-4BF7-A834-A4F42F7E7473}"
EndProject
Project("{E53339B2-1760-4266-BCC7-CA923CBCF16C}") = "docker-compose", "docker-compose.dcproj", "{026E7EAF-1C90-47EA-AC28-CD77142E7C62}"
EndProject
Global
	GlobalSection(SolutionConfigurationPlatforms) = preSolution
		Debug|Any CPU = Debug|Any CPU
		Release|Any CPU = Release|Any CPU
	EndGlobalSection
	GlobalSection(ProjectConfigurationPlatforms) = postSolution
		{7474AAC1-20EA-4BF7-A834-A4F42F7E7473}.Debug|Any CPU.ActiveCfg = Debug|Any CPU
		{7474AAC1-20EA-4BF7-A834-A4F42F7E7473}.Debug|Any CPU.Build.0 = Debug|Any CPU
		{7474AAC1-20EA-4BF7-A834-A4F42F7E7473}.Release|Any CPU.ActiveCfg = Release|Any CPU
		{7474AAC1-20EA-4BF7-A834-A4F42F7E7473}.Release|Any CPU.Build.0 = Release|Any CPU
		{026E7EAF-1C90-47EA-AC28-CD77142E7C62}.Debug|Any CPU.ActiveCfg = Debug|Any CPU
		{026E7EAF-1C90-47EA-AC28-CD77142E7C62}.Debug|Any CPU.Build.0 = Debug|Any CPU
		{026E7EAF-1C90-47EA-AC28-CD77142E7C62}.Release|Any CPU.ActiveCfg = Release|Any CPU
		{026E7EAF-1C90-47EA-AC28-CD77142E7C62}.Release|Any CPU.Build.0 = Release|Any CPU
	EndGlobalSection
EndGlobal
